// !$*UTF8*$!
{
	archiveVersion = 1;
	classes = {
	};
	objectVersion = 56;
	objects = {

/* Begin PBXBuildFile section */
		0020D14928EF3EF1008DED85 /* Follower.swift in Sources */ = {isa = PBXBuildFile; fileRef = 0020D14828EF3EF1008DED85 /* Follower.swift */; };
		0020D14B28EF3FCE008DED85 /* User.swift in Sources */ = {isa = PBXBuildFile; fileRef = 0020D14A28EF3FCE008DED85 /* User.swift */; };
		0020D14E28EF5527008DED85 /* NetworkManager.swift in Sources */ = {isa = PBXBuildFile; fileRef = 0020D14D28EF5527008DED85 /* NetworkManager.swift */; };
		0020D15528F0295C008DED85 /* FollowerCell.swift in Sources */ = {isa = PBXBuildFile; fileRef = 0020D15428F0295C008DED85 /* FollowerCell.swift */; };
		0020D15728F02A09008DED85 /* GCAvatarImageView.swift in Sources */ = {isa = PBXBuildFile; fileRef = 0020D15628F02A09008DED85 /* GCAvatarImageView.swift */; };
		0020D15928F10E4D008DED85 /* UIHelper.swift in Sources */ = {isa = PBXBuildFile; fileRef = 0020D15828F10E4D008DED85 /* UIHelper.swift */; };
		005238AF28EB439E001A187F /* FollowerListVC.swift in Sources */ = {isa = PBXBuildFile; fileRef = 005238AE28EB439E001A187F /* FollowerListVC.swift */; };
		005238B128EC873E001A187F /* GCTitleLabel.swift in Sources */ = {isa = PBXBuildFile; fileRef = 005238B028EC873E001A187F /* GCTitleLabel.swift */; };
		005238B328EC89A2001A187F /* GCBodyLabel.swift in Sources */ = {isa = PBXBuildFile; fileRef = 005238B228EC89A2001A187F /* GCBodyLabel.swift */; };
		005238B728EC8B2B001A187F /* GCAlertVC.swift in Sources */ = {isa = PBXBuildFile; fileRef = 005238B628EC8B2B001A187F /* GCAlertVC.swift */; };
		005238B928EC9C5B001A187F /* UIViewController+Ext.swift in Sources */ = {isa = PBXBuildFile; fileRef = 005238B828EC9C5B001A187F /* UIViewController+Ext.swift */; };
		009A8E7228E8B391000AA29B /* AppDelegate.swift in Sources */ = {isa = PBXBuildFile; fileRef = 009A8E7128E8B391000AA29B /* AppDelegate.swift */; };
		009A8E7428E8B391000AA29B /* SceneDelegate.swift in Sources */ = {isa = PBXBuildFile; fileRef = 009A8E7328E8B391000AA29B /* SceneDelegate.swift */; };
		009A8E7B28E8B39C000AA29B /* Assets.xcassets in Resources */ = {isa = PBXBuildFile; fileRef = 009A8E7A28E8B39C000AA29B /* Assets.xcassets */; };
		009A8E7E28E8B39C000AA29B /* LaunchScreen.storyboard in Resources */ = {isa = PBXBuildFile; fileRef = 009A8E7C28E8B39C000AA29B /* LaunchScreen.storyboard */; };
		009A8E8628E98709000AA29B /* SearchVC.swift in Sources */ = {isa = PBXBuildFile; fileRef = 009A8E8528E98709000AA29B /* SearchVC.swift */; };
		009A8E8828E98795000AA29B /* FavoritesListVC.swift in Sources */ = {isa = PBXBuildFile; fileRef = 009A8E8728E98795000AA29B /* FavoritesListVC.swift */; };
		009A8E8A28E9F1FF000AA29B /* GCbutton.swift in Sources */ = {isa = PBXBuildFile; fileRef = 009A8E8928E9F1FF000AA29B /* GCbutton.swift */; };
		009A8E8C28E9F884000AA29B /* GCtextField.swift in Sources */ = {isa = PBXBuildFile; fileRef = 009A8E8B28E9F884000AA29B /* GCtextField.swift */; };
		00D1C32829EDB2C2008F12B5 /* GCEmptyStateView.swift in Sources */ = {isa = PBXBuildFile; fileRef = 00D1C32729EDB2C1008F12B5 /* GCEmptyStateView.swift */; };
		00D1C32A29F05CC3008F12B5 /* GCUserInfoVC.swift in Sources */ = {isa = PBXBuildFile; fileRef = 00D1C32929F05CC3008F12B5 /* GCUserInfoVC.swift */; };
		00D1C32C29F1BB1A008F12B5 /* GCError.swift in Sources */ = {isa = PBXBuildFile; fileRef = 00D1C32B29F1BB1A008F12B5 /* GCError.swift */; };
		00D1C32E29F30882008F12B5 /* GCUserInfoHeaderVC.swift in Sources */ = {isa = PBXBuildFile; fileRef = 00D1C32D29F30882008F12B5 /* GCUserInfoHeaderVC.swift */; };
		00D1C33029F308EE008F12B5 /* GCSecondaryTitleLabel.swift in Sources */ = {isa = PBXBuildFile; fileRef = 00D1C32F29F308EE008F12B5 /* GCSecondaryTitleLabel.swift */; };
		00D1C33229F31367008F12B5 /* Constants.swift in Sources */ = {isa = PBXBuildFile; fileRef = 00D1C33129F31367008F12B5 /* Constants.swift */; };
		00D1C33429F466F4008F12B5 /* GCItemInfoView.swift in Sources */ = {isa = PBXBuildFile; fileRef = 00D1C33329F466F4008F12B5 /* GCItemInfoView.swift */; };
		00D1C33629F59572008F12B5 /* GCItemInfoVC.swift in Sources */ = {isa = PBXBuildFile; fileRef = 00D1C33529F59572008F12B5 /* GCItemInfoVC.swift */; };
		00D1C33829F62BC9008F12B5 /* GCRepoItemVC.swift in Sources */ = {isa = PBXBuildFile; fileRef = 00D1C33729F62BC9008F12B5 /* GCRepoItemVC.swift */; };
		00D1C33A29F62E08008F12B5 /* GCFollowerItemVC.swift in Sources */ = {isa = PBXBuildFile; fileRef = 00D1C33929F62E07008F12B5 /* GCFollowerItemVC.swift */; };
		00D1C33D29F6630F008F12B5 /* Date+Ext.swift in Sources */ = {isa = PBXBuildFile; fileRef = 00D1C33C29F6630F008F12B5 /* Date+Ext.swift */; };
		00D1C33F29F6636D008F12B5 /* String+Ext.swift in Sources */ = {isa = PBXBuildFile; fileRef = 00D1C33E29F6636D008F12B5 /* String+Ext.swift */; };
		00D1C34129F787F3008F12B5 /* PersistenceManager.swift in Sources */ = {isa = PBXBuildFile; fileRef = 00D1C34029F787F3008F12B5 /* PersistenceManager.swift */; };
		00D1C34329F8CF4F008F12B5 /* FavoriteCell.swift in Sources */ = {isa = PBXBuildFile; fileRef = 00D1C34229F8CF4F008F12B5 /* FavoriteCell.swift */; };
		00D1C34629F934A4008F12B5 /* GCTabBarController.swift in Sources */ = {isa = PBXBuildFile; fileRef = 00D1C34529F934A4008F12B5 /* GCTabBarController.swift */; };
/* End PBXBuildFile section */

/* Begin PBXFileReference section */
		0020D14828EF3EF1008DED85 /* Follower.swift */ = {isa = PBXFileReference; lastKnownFileType = sourcecode.swift; path = Follower.swift; sourceTree = "<group>"; };
		0020D14A28EF3FCE008DED85 /* User.swift */ = {isa = PBXFileReference; lastKnownFileType = sourcecode.swift; path = User.swift; sourceTree = "<group>"; };
		0020D14D28EF5527008DED85 /* NetworkManager.swift */ = {isa = PBXFileReference; lastKnownFileType = sourcecode.swift; path = NetworkManager.swift; sourceTree = "<group>"; };
		0020D15428F0295C008DED85 /* FollowerCell.swift */ = {isa = PBXFileReference; lastKnownFileType = sourcecode.swift; path = FollowerCell.swift; sourceTree = "<group>"; };
		0020D15628F02A09008DED85 /* GCAvatarImageView.swift */ = {isa = PBXFileReference; lastKnownFileType = sourcecode.swift; path = GCAvatarImageView.swift; sourceTree = "<group>"; };
		0020D15828F10E4D008DED85 /* UIHelper.swift */ = {isa = PBXFileReference; lastKnownFileType = sourcecode.swift; path = UIHelper.swift; sourceTree = "<group>"; };
		005238AE28EB439E001A187F /* FollowerListVC.swift */ = {isa = PBXFileReference; lastKnownFileType = sourcecode.swift; path = FollowerListVC.swift; sourceTree = "<group>"; };
		005238B028EC873E001A187F /* GCTitleLabel.swift */ = {isa = PBXFileReference; lastKnownFileType = sourcecode.swift; path = GCTitleLabel.swift; sourceTree = "<group>"; };
		005238B228EC89A2001A187F /* GCBodyLabel.swift */ = {isa = PBXFileReference; lastKnownFileType = sourcecode.swift; path = GCBodyLabel.swift; sourceTree = "<group>"; };
		005238B628EC8B2B001A187F /* GCAlertVC.swift */ = {isa = PBXFileReference; lastKnownFileType = sourcecode.swift; path = GCAlertVC.swift; sourceTree = "<group>"; };
		005238B828EC9C5B001A187F /* UIViewController+Ext.swift */ = {isa = PBXFileReference; lastKnownFileType = sourcecode.swift; path = "UIViewController+Ext.swift"; sourceTree = "<group>"; };
		009A8E6E28E8B391000AA29B /* GitComunity.app */ = {isa = PBXFileReference; explicitFileType = wrapper.application; includeInIndex = 0; path = GitComunity.app; sourceTree = BUILT_PRODUCTS_DIR; };
		009A8E7128E8B391000AA29B /* AppDelegate.swift */ = {isa = PBXFileReference; lastKnownFileType = sourcecode.swift; path = AppDelegate.swift; sourceTree = "<group>"; };
		009A8E7328E8B391000AA29B /* SceneDelegate.swift */ = {isa = PBXFileReference; lastKnownFileType = sourcecode.swift; path = SceneDelegate.swift; sourceTree = "<group>"; };
		009A8E7A28E8B39C000AA29B /* Assets.xcassets */ = {isa = PBXFileReference; lastKnownFileType = folder.assetcatalog; path = Assets.xcassets; sourceTree = "<group>"; };
		009A8E7D28E8B39C000AA29B /* Base */ = {isa = PBXFileReference; lastKnownFileType = file.storyboard; name = Base; path = Base.lproj/LaunchScreen.storyboard; sourceTree = "<group>"; };
		009A8E7F28E8B39C000AA29B /* Info.plist */ = {isa = PBXFileReference; lastKnownFileType = text.plist.xml; path = Info.plist; sourceTree = "<group>"; };
		009A8E8528E98709000AA29B /* SearchVC.swift */ = {isa = PBXFileReference; lastKnownFileType = sourcecode.swift; path = SearchVC.swift; sourceTree = "<group>"; };
		009A8E8728E98795000AA29B /* FavoritesListVC.swift */ = {isa = PBXFileReference; lastKnownFileType = sourcecode.swift; path = FavoritesListVC.swift; sourceTree = "<group>"; };
		009A8E8928E9F1FF000AA29B /* GCbutton.swift */ = {isa = PBXFileReference; lastKnownFileType = sourcecode.swift; path = GCbutton.swift; sourceTree = "<group>"; };
		009A8E8B28E9F884000AA29B /* GCtextField.swift */ = {isa = PBXFileReference; lastKnownFileType = sourcecode.swift; path = GCtextField.swift; sourceTree = "<group>"; };
		00D1C32729EDB2C1008F12B5 /* GCEmptyStateView.swift */ = {isa = PBXFileReference; lastKnownFileType = sourcecode.swift; path = GCEmptyStateView.swift; sourceTree = "<group>"; };
		00D1C32929F05CC3008F12B5 /* GCUserInfoVC.swift */ = {isa = PBXFileReference; lastKnownFileType = sourcecode.swift; path = GCUserInfoVC.swift; sourceTree = "<group>"; };
		00D1C32B29F1BB1A008F12B5 /* GCError.swift */ = {isa = PBXFileReference; lastKnownFileType = sourcecode.swift; path = GCError.swift; sourceTree = "<group>"; };
		00D1C32D29F30882008F12B5 /* GCUserInfoHeaderVC.swift */ = {isa = PBXFileReference; lastKnownFileType = sourcecode.swift; path = GCUserInfoHeaderVC.swift; sourceTree = "<group>"; };
		00D1C32F29F308EE008F12B5 /* GCSecondaryTitleLabel.swift */ = {isa = PBXFileReference; lastKnownFileType = sourcecode.swift; path = GCSecondaryTitleLabel.swift; sourceTree = "<group>"; };
		00D1C33129F31367008F12B5 /* Constants.swift */ = {isa = PBXFileReference; lastKnownFileType = sourcecode.swift; path = Constants.swift; sourceTree = "<group>"; };
		00D1C33329F466F4008F12B5 /* GCItemInfoView.swift */ = {isa = PBXFileReference; lastKnownFileType = sourcecode.swift; path = GCItemInfoView.swift; sourceTree = "<group>"; };
		00D1C33529F59572008F12B5 /* GCItemInfoVC.swift */ = {isa = PBXFileReference; lastKnownFileType = sourcecode.swift; path = GCItemInfoVC.swift; sourceTree = "<group>"; };
		00D1C33729F62BC9008F12B5 /* GCRepoItemVC.swift */ = {isa = PBXFileReference; lastKnownFileType = sourcecode.swift; path = GCRepoItemVC.swift; sourceTree = "<group>"; };
		00D1C33929F62E07008F12B5 /* GCFollowerItemVC.swift */ = {isa = PBXFileReference; lastKnownFileType = sourcecode.swift; path = GCFollowerItemVC.swift; sourceTree = "<group>"; };
		00D1C33C29F6630F008F12B5 /* Date+Ext.swift */ = {isa = PBXFileReference; lastKnownFileType = sourcecode.swift; path = "Date+Ext.swift"; sourceTree = "<group>"; };
		00D1C33E29F6636D008F12B5 /* String+Ext.swift */ = {isa = PBXFileReference; lastKnownFileType = sourcecode.swift; path = "String+Ext.swift"; sourceTree = "<group>"; };
		00D1C34029F787F3008F12B5 /* PersistenceManager.swift */ = {isa = PBXFileReference; lastKnownFileType = sourcecode.swift; path = PersistenceManager.swift; sourceTree = "<group>"; };
		00D1C34229F8CF4F008F12B5 /* FavoriteCell.swift */ = {isa = PBXFileReference; lastKnownFileType = sourcecode.swift; path = FavoriteCell.swift; sourceTree = "<group>"; };
		00D1C34529F934A4008F12B5 /* GCTabBarController.swift */ = {isa = PBXFileReference; lastKnownFileType = sourcecode.swift; path = GCTabBarController.swift; sourceTree = "<group>"; };
/* End PBXFileReference section */

/* Begin PBXFrameworksBuildPhase section */
		009A8E6B28E8B391000AA29B /* Frameworks */ = {
			isa = PBXFrameworksBuildPhase;
			buildActionMask = 2147483647;
			files = (
			);
			runOnlyForDeploymentPostprocessing = 0;
		};
/* End PBXFrameworksBuildPhase section */

/* Begin PBXGroup section */
		0020D14C28EF5513008DED85 /* Managers */ = {
			isa = PBXGroup;
			children = (
				0020D14D28EF5527008DED85 /* NetworkManager.swift */,
				00D1C34029F787F3008F12B5 /* PersistenceManager.swift */,
			);
			path = Managers;
			sourceTree = "<group>";
		};
		0020D14F28F01DF4008DED85 /* Utilities */ = {
			isa = PBXGroup;
			children = (
				0020D15828F10E4D008DED85 /* UIHelper.swift */,
				00D1C32B29F1BB1A008F12B5 /* GCError.swift */,
				00D1C33129F31367008F12B5 /* Constants.swift */,
			);
			path = Utilities;
			sourceTree = "<group>";
		};
		0020D15328F02927008DED85 /* Cells */ = {
			isa = PBXGroup;
			children = (
				0020D15428F0295C008DED85 /* FollowerCell.swift */,
				00D1C34229F8CF4F008F12B5 /* FavoriteCell.swift */,
			);
			name = Cells;
			sourceTree = "<group>";
		};
		005238BA28EE0A34001A187F /* Screens */ = {
			isa = PBXGroup;
			children = (
				009A8E8528E98709000AA29B /* SearchVC.swift */,
				009A8E8728E98795000AA29B /* FavoritesListVC.swift */,
				005238AE28EB439E001A187F /* FollowerListVC.swift */,
				00D1C32929F05CC3008F12B5 /* GCUserInfoVC.swift */,
			);
			path = Screens;
			sourceTree = "<group>";
		};
		005238BB28EE0AA8001A187F /* CustomViews */ = {
			isa = PBXGroup;
			children = (
				00D1C34429F9346D008F12B5 /* TabBarControllers */,
				00D1C32629EDB275008F12B5 /* Labels */,
				00D1C32529EDB24B008F12B5 /* ViewControllers */,
				00D1C32429EDB242008F12B5 /* ImageViews */,
				00D1C32329EDB22F008F12B5 /* TextFields */,
				00D1C32229EDB21E008F12B5 /* Buttons */,
				00D1C32129EDB218008F12B5 /* Views */,
				0020D15328F02927008DED85 /* Cells */,
			);
			path = CustomViews;
			sourceTree = "<group>";
		};
		005238BC28EE0B09001A187F /* Extensions */ = {
			isa = PBXGroup;
			children = (
				005238B828EC9C5B001A187F /* UIViewController+Ext.swift */,
				00D1C33C29F6630F008F12B5 /* Date+Ext.swift */,
				00D1C33E29F6636D008F12B5 /* String+Ext.swift */,
			);
			path = Extensions;
			sourceTree = "<group>";
		};
		005238BD28EE0B52001A187F /* Support */ = {
			isa = PBXGroup;
			children = (
				009A8E7C28E8B39C000AA29B /* LaunchScreen.storyboard */,
				009A8E7128E8B391000AA29B /* AppDelegate.swift */,
				009A8E7328E8B391000AA29B /* SceneDelegate.swift */,
				009A8E7A28E8B39C000AA29B /* Assets.xcassets */,
			);
			path = Support;
			sourceTree = "<group>";
		};
		005238BE28EF3EA8001A187F /* Model */ = {
			isa = PBXGroup;
			children = (
				0020D14828EF3EF1008DED85 /* Follower.swift */,
				0020D14A28EF3FCE008DED85 /* User.swift */,
			);
			path = Model;
			sourceTree = "<group>";
		};
		009A8E6528E8B391000AA29B = {
			isa = PBXGroup;
			children = (
				009A8E7028E8B391000AA29B /* GitComunity */,
				009A8E6F28E8B391000AA29B /* Products */,
			);
			sourceTree = "<group>";
		};
		009A8E6F28E8B391000AA29B /* Products */ = {
			isa = PBXGroup;
			children = (
				009A8E6E28E8B391000AA29B /* GitComunity.app */,
			);
			name = Products;
			sourceTree = "<group>";
		};
		009A8E7028E8B391000AA29B /* GitComunity */ = {
			isa = PBXGroup;
			children = (
				0020D14F28F01DF4008DED85 /* Utilities */,
				0020D14C28EF5513008DED85 /* Managers */,
				005238BE28EF3EA8001A187F /* Model */,
				005238BD28EE0B52001A187F /* Support */,
				009A8E7F28E8B39C000AA29B /* Info.plist */,
				005238BC28EE0B09001A187F /* Extensions */,
				005238BB28EE0AA8001A187F /* CustomViews */,
				005238BA28EE0A34001A187F /* Screens */,
			);
			path = GitComunity;
			sourceTree = "<group>";
		};
		00D1C32129EDB218008F12B5 /* Views */ = {
			isa = PBXGroup;
			children = (
				00D1C32729EDB2C1008F12B5 /* GCEmptyStateView.swift */,
				00D1C33329F466F4008F12B5 /* GCItemInfoView.swift */,
			);
			name = Views;
			sourceTree = "<group>";
		};
		00D1C32229EDB21E008F12B5 /* Buttons */ = {
			isa = PBXGroup;
			children = (
				009A8E8928E9F1FF000AA29B /* GCbutton.swift */,
			);
			name = Buttons;
			sourceTree = "<group>";
		};
		00D1C32329EDB22F008F12B5 /* TextFields */ = {
			isa = PBXGroup;
			children = (
				009A8E8B28E9F884000AA29B /* GCtextField.swift */,
			);
			name = TextFields;
			sourceTree = "<group>";
		};
		00D1C32429EDB242008F12B5 /* ImageViews */ = {
			isa = PBXGroup;
			children = (
				0020D15628F02A09008DED85 /* GCAvatarImageView.swift */,
			);
			name = ImageViews;
			sourceTree = "<group>";
		};
		00D1C32529EDB24B008F12B5 /* ViewControllers */ = {
			isa = PBXGroup;
			children = (
				00D1C33B29F62E83008F12B5 /* ItemInfoVCs */,
				005238B628EC8B2B001A187F /* GCAlertVC.swift */,
				00D1C32D29F30882008F12B5 /* GCUserInfoHeaderVC.swift */,
			);
			name = ViewControllers;
			sourceTree = "<group>";
		};
		00D1C32629EDB275008F12B5 /* Labels */ = {
			isa = PBXGroup;
			children = (
				005238B028EC873E001A187F /* GCTitleLabel.swift */,
				005238B228EC89A2001A187F /* GCBodyLabel.swift */,
				00D1C32F29F308EE008F12B5 /* GCSecondaryTitleLabel.swift */,
			);
			name = Labels;
			sourceTree = "<group>";
		};
		00D1C33B29F62E83008F12B5 /* ItemInfoVCs */ = {
			isa = PBXGroup;
			children = (
				00D1C33529F59572008F12B5 /* GCItemInfoVC.swift */,
				00D1C33729F62BC9008F12B5 /* GCRepoItemVC.swift */,
				00D1C33929F62E07008F12B5 /* GCFollowerItemVC.swift */,
			);
			name = ItemInfoVCs;
			sourceTree = "<group>";
		};
		00D1C34429F9346D008F12B5 /* TabBarControllers */ = {
			isa = PBXGroup;
			children = (
				00D1C34529F934A4008F12B5 /* GCTabBarController.swift */,
			);
			name = TabBarControllers;
			sourceTree = "<group>";
		};
/* End PBXGroup section */

/* Begin PBXNativeTarget section */
		009A8E6D28E8B391000AA29B /* GitComunity */ = {
			isa = PBXNativeTarget;
			buildConfigurationList = 009A8E8228E8B39C000AA29B /* Build configuration list for PBXNativeTarget "GitComunity" */;
			buildPhases = (
				009A8E6A28E8B391000AA29B /* Sources */,
				009A8E6B28E8B391000AA29B /* Frameworks */,
				009A8E6C28E8B391000AA29B /* Resources */,
			);
			buildRules = (
			);
			dependencies = (
			);
			name = GitComunity;
			productName = GitComunity;
			productReference = 009A8E6E28E8B391000AA29B /* GitComunity.app */;
			productType = "com.apple.product-type.application";
		};
/* End PBXNativeTarget section */

/* Begin PBXProject section */
		009A8E6628E8B391000AA29B /* Project object */ = {
			isa = PBXProject;
			attributes = {
				BuildIndependentTargetsInParallel = 1;
				LastSwiftUpdateCheck = 1400;
				LastUpgradeCheck = 1400;
				TargetAttributes = {
					009A8E6D28E8B391000AA29B = {
						CreatedOnToolsVersion = 14.0.1;
					};
				};
			};
			buildConfigurationList = 009A8E6928E8B391000AA29B /* Build configuration list for PBXProject "GitComunity" */;
			compatibilityVersion = "Xcode 14.0";
			developmentRegion = en;
			hasScannedForEncodings = 0;
			knownRegions = (
				en,
				Base,
			);
			mainGroup = 009A8E6528E8B391000AA29B;
			productRefGroup = 009A8E6F28E8B391000AA29B /* Products */;
			projectDirPath = "";
			projectRoot = "";
			targets = (
				009A8E6D28E8B391000AA29B /* GitComunity */,
			);
		};
/* End PBXProject section */

/* Begin PBXResourcesBuildPhase section */
		009A8E6C28E8B391000AA29B /* Resources */ = {
			isa = PBXResourcesBuildPhase;
			buildActionMask = 2147483647;
			files = (
				009A8E7E28E8B39C000AA29B /* LaunchScreen.storyboard in Resources */,
				009A8E7B28E8B39C000AA29B /* Assets.xcassets in Resources */,
			);
			runOnlyForDeploymentPostprocessing = 0;
		};
/* End PBXResourcesBuildPhase section */

/* Begin PBXSourcesBuildPhase section */
		009A8E6A28E8B391000AA29B /* Sources */ = {
			isa = PBXSourcesBuildPhase;
			buildActionMask = 2147483647;
			files = (
				00D1C33029F308EE008F12B5 /* GCSecondaryTitleLabel.swift in Sources */,
				00D1C32C29F1BB1A008F12B5 /* GCError.swift in Sources */,
				0020D14B28EF3FCE008DED85 /* User.swift in Sources */,
				00D1C33F29F6636D008F12B5 /* String+Ext.swift in Sources */,
				005238B328EC89A2001A187F /* GCBodyLabel.swift in Sources */,
				0020D15728F02A09008DED85 /* GCAvatarImageView.swift in Sources */,
				00D1C32A29F05CC3008F12B5 /* GCUserInfoVC.swift in Sources */,
				00D1C33629F59572008F12B5 /* GCItemInfoVC.swift in Sources */,
				00D1C33229F31367008F12B5 /* Constants.swift in Sources */,
				009A8E8A28E9F1FF000AA29B /* GCbutton.swift in Sources */,
				005238B128EC873E001A187F /* GCTitleLabel.swift in Sources */,
				0020D15928F10E4D008DED85 /* UIHelper.swift in Sources */,
				005238B928EC9C5B001A187F /* UIViewController+Ext.swift in Sources */,
				00D1C34629F934A4008F12B5 /* GCTabBarController.swift in Sources */,
				005238B728EC8B2B001A187F /* GCAlertVC.swift in Sources */,
				00D1C34329F8CF4F008F12B5 /* FavoriteCell.swift in Sources */,
				009A8E8828E98795000AA29B /* FavoritesListVC.swift in Sources */,
				0020D15528F0295C008DED85 /* FollowerCell.swift in Sources */,
				009A8E8628E98709000AA29B /* SearchVC.swift in Sources */,
				00D1C33429F466F4008F12B5 /* GCItemInfoView.swift in Sources */,
				0020D14928EF3EF1008DED85 /* Follower.swift in Sources */,
				009A8E7228E8B391000AA29B /* AppDelegate.swift in Sources */,
				00D1C33D29F6630F008F12B5 /* Date+Ext.swift in Sources */,
				00D1C34129F787F3008F12B5 /* PersistenceManager.swift in Sources */,
				00D1C33829F62BC9008F12B5 /* GCRepoItemVC.swift in Sources */,
				0020D14E28EF5527008DED85 /* NetworkManager.swift in Sources */,
				00D1C32829EDB2C2008F12B5 /* GCEmptyStateView.swift in Sources */,
				00D1C32E29F30882008F12B5 /* GCUserInfoHeaderVC.swift in Sources */,
				005238AF28EB439E001A187F /* FollowerListVC.swift in Sources */,
				00D1C33A29F62E08008F12B5 /* GCFollowerItemVC.swift in Sources */,
				009A8E7428E8B391000AA29B /* SceneDelegate.swift in Sources */,
				009A8E8C28E9F884000AA29B /* GCtextField.swift in Sources */,
			);
			runOnlyForDeploymentPostprocessing = 0;
		};
/* End PBXSourcesBuildPhase section */

/* Begin PBXVariantGroup section */
		009A8E7C28E8B39C000AA29B /* LaunchScreen.storyboard */ = {
			isa = PBXVariantGroup;
			children = (
				009A8E7D28E8B39C000AA29B /* Base */,
			);
			name = LaunchScreen.storyboard;
			sourceTree = "<group>";
		};
/* End PBXVariantGroup section */

/* Begin XCBuildConfiguration section */
		009A8E8028E8B39C000AA29B /* Debug */ = {
			isa = XCBuildConfiguration;
			buildSettings = {
				ALWAYS_SEARCH_USER_PATHS = NO;
				CLANG_ANALYZER_NONNULL = YES;
				CLANG_ANALYZER_NUMBER_OBJECT_CONVERSION = YES_AGGRESSIVE;
				CLANG_CXX_LANGUAGE_STANDARD = "gnu++14";
				CLANG_ENABLE_MODULES = YES;
				CLANG_ENABLE_OBJC_ARC = YES;
				CLANG_ENABLE_OBJC_WEAK = YES;
				CLANG_WARN_BLOCK_CAPTURE_AUTORELEASING = YES;
				CLANG_WARN_BOOL_CONVERSION = YES;
				CLANG_WARN_COMMA = YES;
				CLANG_WARN_CONSTANT_CONVERSION = YES;
				CLANG_WARN_DEPRECATED_OBJC_IMPLEMENTATIONS = YES;
				CLANG_WARN_DIRECT_OBJC_ISA_USAGE = YES_ERROR;
				CLANG_WARN_DOCUMENTATION_COMMENTS = YES;
				CLANG_WARN_EMPTY_BODY = YES;
				CLANG_WARN_ENUM_CONVERSION = YES;
				CLANG_WARN_INFINITE_RECURSION = YES;
				CLANG_WARN_INT_CONVERSION = YES;
				CLANG_WARN_NON_LITERAL_NULL_CONVERSION = YES;
				CLANG_WARN_OBJC_IMPLICIT_RETAIN_SELF = YES;
				CLANG_WARN_OBJC_LITERAL_CONVERSION = YES;
				CLANG_WARN_OBJC_ROOT_CLASS = YES_ERROR;
				CLANG_WARN_QUOTED_INCLUDE_IN_FRAMEWORK_HEADER = YES;
				CLANG_WARN_RANGE_LOOP_ANALYSIS = YES;
				CLANG_WARN_STRICT_PROTOTYPES = YES;
				CLANG_WARN_SUSPICIOUS_MOVE = YES;
				CLANG_WARN_UNGUARDED_AVAILABILITY = YES_AGGRESSIVE;
				CLANG_WARN_UNREACHABLE_CODE = YES;
				CLANG_WARN__DUPLICATE_METHOD_MATCH = YES;
				COPY_PHASE_STRIP = NO;
				DEBUG_INFORMATION_FORMAT = dwarf;
				ENABLE_STRICT_OBJC_MSGSEND = YES;
				ENABLE_TESTABILITY = YES;
				GCC_C_LANGUAGE_STANDARD = gnu11;
				GCC_DYNAMIC_NO_PIC = NO;
				GCC_NO_COMMON_BLOCKS = YES;
				GCC_OPTIMIZATION_LEVEL = 0;
				GCC_PREPROCESSOR_DEFINITIONS = (
					"DEBUG=1",
					"$(inherited)",
				);
				GCC_WARN_64_TO_32_BIT_CONVERSION = YES;
				GCC_WARN_ABOUT_RETURN_TYPE = YES_ERROR;
				GCC_WARN_UNDECLARED_SELECTOR = YES;
				GCC_WARN_UNINITIALIZED_AUTOS = YES_AGGRESSIVE;
				GCC_WARN_UNUSED_FUNCTION = YES;
				GCC_WARN_UNUSED_VARIABLE = YES;
				IPHONEOS_DEPLOYMENT_TARGET = 13.2;
				MTL_ENABLE_DEBUG_INFO = INCLUDE_SOURCE;
				MTL_FAST_MATH = YES;
				ONLY_ACTIVE_ARCH = YES;
				SDKROOT = iphoneos;
				SWIFT_ACTIVE_COMPILATION_CONDITIONS = DEBUG;
				SWIFT_OPTIMIZATION_LEVEL = "-Onone";
			};
			name = Debug;
		};
		009A8E8128E8B39C000AA29B /* Release */ = {
			isa = XCBuildConfiguration;
			buildSettings = {
				ALWAYS_SEARCH_USER_PATHS = NO;
				CLANG_ANALYZER_NONNULL = YES;
				CLANG_ANALYZER_NUMBER_OBJECT_CONVERSION = YES_AGGRESSIVE;
				CLANG_CXX_LANGUAGE_STANDARD = "gnu++14";
				CLANG_ENABLE_MODULES = YES;
				CLANG_ENABLE_OBJC_ARC = YES;
				CLANG_ENABLE_OBJC_WEAK = YES;
				CLANG_WARN_BLOCK_CAPTURE_AUTORELEASING = YES;
				CLANG_WARN_BOOL_CONVERSION = YES;
				CLANG_WARN_COMMA = YES;
				CLANG_WARN_CONSTANT_CONVERSION = YES;
				CLANG_WARN_DEPRECATED_OBJC_IMPLEMENTATIONS = YES;
				CLANG_WARN_DIRECT_OBJC_ISA_USAGE = YES_ERROR;
				CLANG_WARN_DOCUMENTATION_COMMENTS = YES;
				CLANG_WARN_EMPTY_BODY = YES;
				CLANG_WARN_ENUM_CONVERSION = YES;
				CLANG_WARN_INFINITE_RECURSION = YES;
				CLANG_WARN_INT_CONVERSION = YES;
				CLANG_WARN_NON_LITERAL_NULL_CONVERSION = YES;
				CLANG_WARN_OBJC_IMPLICIT_RETAIN_SELF = YES;
				CLANG_WARN_OBJC_LITERAL_CONVERSION = YES;
				CLANG_WARN_OBJC_ROOT_CLASS = YES_ERROR;
				CLANG_WARN_QUOTED_INCLUDE_IN_FRAMEWORK_HEADER = YES;
				CLANG_WARN_RANGE_LOOP_ANALYSIS = YES;
				CLANG_WARN_STRICT_PROTOTYPES = YES;
				CLANG_WARN_SUSPICIOUS_MOVE = YES;
				CLANG_WARN_UNGUARDED_AVAILABILITY = YES_AGGRESSIVE;
				CLANG_WARN_UNREACHABLE_CODE = YES;
				CLANG_WARN__DUPLICATE_METHOD_MATCH = YES;
				COPY_PHASE_STRIP = NO;
				DEBUG_INFORMATION_FORMAT = "dwarf-with-dsym";
				ENABLE_NS_ASSERTIONS = NO;
				ENABLE_STRICT_OBJC_MSGSEND = YES;
				GCC_C_LANGUAGE_STANDARD = gnu11;
				GCC_NO_COMMON_BLOCKS = YES;
				GCC_WARN_64_TO_32_BIT_CONVERSION = YES;
				GCC_WARN_ABOUT_RETURN_TYPE = YES_ERROR;
				GCC_WARN_UNDECLARED_SELECTOR = YES;
				GCC_WARN_UNINITIALIZED_AUTOS = YES_AGGRESSIVE;
				GCC_WARN_UNUSED_FUNCTION = YES;
				GCC_WARN_UNUSED_VARIABLE = YES;
				IPHONEOS_DEPLOYMENT_TARGET = 13.2;
				MTL_ENABLE_DEBUG_INFO = NO;
				MTL_FAST_MATH = YES;
				SDKROOT = iphoneos;
				SWIFT_COMPILATION_MODE = wholemodule;
				SWIFT_OPTIMIZATION_LEVEL = "-O";
				VALIDATE_PRODUCT = YES;
			};
			name = Release;
		};
		009A8E8328E8B39C000AA29B /* Debug */ = {
			isa = XCBuildConfiguration;
			buildSettings = {
				ASSETCATALOG_COMPILER_APPICON_NAME = AppIcon;
				ASSETCATALOG_COMPILER_GLOBAL_ACCENT_COLOR_NAME = AccentColor;
				CODE_SIGN_STYLE = Automatic;
				CURRENT_PROJECT_VERSION = 1;
				DEVELOPMENT_TEAM = SPBFA5A677;
				GENERATE_INFOPLIST_FILE = YES;
				INFOPLIST_FILE = GitComunity/Info.plist;
				INFOPLIST_KEY_UIApplicationSupportsIndirectInputEvents = YES;
				INFOPLIST_KEY_UILaunchStoryboardName = LaunchScreen;
				INFOPLIST_KEY_UIMainStoryboardFile = "";
				INFOPLIST_KEY_UISupportedInterfaceOrientations = UIInterfaceOrientationPortrait;
				IPHONEOS_DEPLOYMENT_TARGET = 13.2;
				LD_RUNPATH_SEARCH_PATHS = (
					"$(inherited)",
					"@executable_path/Frameworks",
				);
				MARKETING_VERSION = 1.0;
				PRODUCT_BUNDLE_IDENTIFIER = com.FilGudInc.GitComunity;
				PRODUCT_NAME = "$(TARGET_NAME)";
				SUPPORTED_PLATFORMS = "iphoneos iphonesimulator";
				SUPPORTS_MACCATALYST = NO;
				SUPPORTS_MAC_DESIGNED_FOR_IPHONE_IPAD = NO;
				SWIFT_EMIT_LOC_STRINGS = YES;
				SWIFT_VERSION = 5.0;
				TARGETED_DEVICE_FAMILY = 1;
			};
			name = Debug;
		};
		009A8E8428E8B39C000AA29B /* Release */ = {
			isa = XCBuildConfiguration;
			buildSettings = {
				ASSETCATALOG_COMPILER_APPICON_NAME = AppIcon;
				ASSETCATALOG_COMPILER_GLOBAL_ACCENT_COLOR_NAME = AccentColor;
				CODE_SIGN_STYLE = Automatic;
				CURRENT_PROJECT_VERSION = 1;
				DEVELOPMENT_TEAM = SPBFA5A677;
				GENERATE_INFOPLIST_FILE = YES;
				INFOPLIST_FILE = GitComunity/Info.plist;
				INFOPLIST_KEY_UIApplicationSupportsIndirectInputEvents = YES;
				INFOPLIST_KEY_UILaunchStoryboardName = LaunchScreen;
				INFOPLIST_KEY_UIMainStoryboardFile = "";
				INFOPLIST_KEY_UISupportedInterfaceOrientations = UIInterfaceOrientationPortrait;
				IPHONEOS_DEPLOYMENT_TARGET = 13.2;
				LD_RUNPATH_SEARCH_PATHS = (
					"$(inherited)",
					"@executable_path/Frameworks",
				);
				MARKETING_VERSION = 1.0;
				PRODUCT_BUNDLE_IDENTIFIER = com.FilGudInc.GitComunity;
				PRODUCT_NAME = "$(TARGET_NAME)";
				SUPPORTED_PLATFORMS = "iphoneos iphonesimulator";
				SUPPORTS_MACCATALYST = NO;
				SUPPORTS_MAC_DESIGNED_FOR_IPHONE_IPAD = NO;
				SWIFT_EMIT_LOC_STRINGS = YES;
				SWIFT_VERSION = 5.0;
				TARGETED_DEVICE_FAMILY = 1;
			};
			name = Release;
		};
/* End XCBuildConfiguration section */

/* Begin XCConfigurationList section */
		009A8E6928E8B391000AA29B /* Build configuration list for PBXProject "GitComunity" */ = {
			isa = XCConfigurationList;
			buildConfigurations = (
				009A8E8028E8B39C000AA29B /* Debug */,
				009A8E8128E8B39C000AA29B /* Release */,
			);
			defaultConfigurationIsVisible = 0;
			defaultConfigurationName = Release;
		};
		009A8E8228E8B39C000AA29B /* Build configuration list for PBXNativeTarget "GitComunity" */ = {
			isa = XCConfigurationList;
			buildConfigurations = (
				009A8E8328E8B39C000AA29B /* Debug */,
				009A8E8428E8B39C000AA29B /* Release */,
			);
			defaultConfigurationIsVisible = 0;
			defaultConfigurationName = Release;
		};
/* End XCConfigurationList section */
	};
	rootObject = 009A8E6628E8B391000AA29B /* Project object */;
}
